schema: '2.0'
stages:
  data_ingestion:
    cmd: python src/HousePricePredictRecommend/pipeline/stage_01_data_ingestion.py
    deps:
    - path: config/config.yaml
      hash: md5
      md5: 2090d11ef82215ec923e46a3140b0ba0
      size: 1127
    - path: src/HousePricePredictRecommend/pipeline/stage_01_data_ingestion.py
      hash: md5
      md5: d50b8a825fd48b379a64b32f1c245fd0
      size: 963
    outs:
    - path: artifacts/data_ingestion/Dataset.csv
      hash: md5
      md5: bd3611f81ee4b67196b325f5e9c11db7
      size: 11584655
    - path: artifacts/data_ingestion/data.zip
      hash: md5
      md5: f217b122f9df186f1a49c922e7aaa893
      size: 1641486
  data_transformation:
    cmd: python src/HousePricePredictRecommend/pipeline/stage_02_data_transformation.py
    deps:
    - path: artifacts/data_ingestion/data.zip
      hash: md5
      md5: f217b122f9df186f1a49c922e7aaa893
      size: 1641486
    - path: config/config.yaml
      hash: md5
      md5: 2090d11ef82215ec923e46a3140b0ba0
      size: 1127
    - path: src/HousePricePredictRecommend/pipeline/stage_02_data_transformation.py
      hash: md5
      md5: da4122d9b93931bc105fcf7c75e758c5
      size: 1047
    outs:
    - path: artifacts/data_preprocessing/preprocessor.h5
      hash: md5
      md5: f96714d1e0248bc041844dfe006a052a
      size: 73179
    - path: artifacts/processed_data.csv
      hash: md5
      md5: 8bbb9f00bcc499641aff506e0eee7c3f
      size: 1104516
  training:
    cmd: python 
      src/HousePricePredictRecommend/pipeline/stage_03_model_training_evaluation_mlflow.py
    deps:
    - path: artifacts/processed_data.csv
      hash: md5
      md5: 8bbb9f00bcc499641aff506e0eee7c3f
      size: 1104516
    - path: config/config.yaml
      hash: md5
      md5: 2090d11ef82215ec923e46a3140b0ba0
      size: 1127
    - path: params.yaml
      hash: md5
      md5: 31813916a7d5273cad9929e6b04f9f36
      size: 1756
    - path: 
        src/HousePricePredictRecommend/pipeline/stage_03_model_training_evaluation_mlflow.py
      hash: md5
      md5: 42db4d500f3b7bc4af42229d5c1f9224
      size: 1009
    outs:
    - path: artifacts/training/model.h5
      hash: md5
      md5: fe46b381cc98ffa5be6c744cad234f85
      size: 1249445
    - path: artifacts/training/model_rent.h5
      hash: md5
      md5: 4ba306b9c8a91a3d167a7be1486f87a5
      size: 828107
  data_transformation_recommend:
    cmd: python 
      src/HousePricePredictRecommend/pipeline/stage_04_data_transformation_recommend_data.py
    deps:
    - path: artifacts/data_ingestion/Dataset.csv
      hash: md5
      md5: bd3611f81ee4b67196b325f5e9c11db7
      size: 11584655
    - path: artifacts/data_ingestion/data.zip
      hash: md5
      md5: f217b122f9df186f1a49c922e7aaa893
      size: 1641486
    - path: config/config.yaml
      hash: md5
      md5: 2090d11ef82215ec923e46a3140b0ba0
      size: 1127
    - path: 
        src/HousePricePredictRecommend/pipeline/stage_04_data_transformation_recommend_data.py
      hash: md5
      md5: eb8736a156befe3d51ba85eb51f1690c
      size: 1128
    outs:
    - path: artifacts/data_preprocessed_recommend.csv
      hash: md5
      md5: 7a589084484248eb98af0e69b7b74edd
      size: 21313096
    - path: artifacts/recommend_data.csv
      hash: md5
      md5: 25d00f89f64af231c4c0f0be88e61d19
      size: 7354254
